
Microsoft Visual Studio Solution File, Format Version 12.00
# Visual Studio 14
VisualStudioVersion = 14.0.24720.0
MinimumVisualStudioVersion = 10.0.40219.1
Project("{2150E333-8FDC-42A3-9474-1A3956D46DE8}") = "src", "src", "{EA57986C-93D2-4089-8373-5C5801F8990A}"
EndProject
Project("{8BB2217D-0F2D-49D1-97BC-3654ED321F3B}") = "CompSharp", "src\CompSharp\CompSharp.xproj", "{47F6D114-B1E8-4216-99F1-BAC571BF970F}"
EndProject
Project("{2150E333-8FDC-42A3-9474-1A3956D46DE8}") = "samples", "samples", "{36E0C6DE-841E-42DC-842D-67F408145F6D}"
EndProject
Project("{8BB2217D-0F2D-49D1-97BC-3654ED321F3B}") = "Simple", "samples\Simple\Simple.xproj", "{EDB2D25D-EBA8-4052-A8C9-F584FD073EA3}"
EndProject
Project("{2150E333-8FDC-42A3-9474-1A3956D46DE8}") = "Solution Items", "Solution Items", "{77FC8194-E4EA-43D8-A982-0365E227B90A}"
	ProjectSection(SolutionItems) = preProject
		README.md = README.md
	EndProjectSection
EndProject
Global
	GlobalSection(SolutionConfigurationPlatforms) = preSolution
		Debug|Any CPU = Debug|Any CPU
		Release|Any CPU = Release|Any CPU
	EndGlobalSection
	GlobalSection(ProjectConfigurationPlatforms) = postSolution
		{47F6D114-B1E8-4216-99F1-BAC571BF970F}.Debug|Any CPU.ActiveCfg = Debug|Any CPU
		{47F6D114-B1E8-4216-99F1-BAC571BF970F}.Debug|Any CPU.Build.0 = Debug|Any CPU
		{47F6D114-B1E8-4216-99F1-BAC571BF970F}.Release|Any CPU.ActiveCfg = Release|Any CPU
		{47F6D114-B1E8-4216-99F1-BAC571BF970F}.Release|Any CPU.Build.0 = Release|Any CPU
		{EDB2D25D-EBA8-4052-A8C9-F584FD073EA3}.Debug|Any CPU.ActiveCfg = Debug|Any CPU
		{EDB2D25D-EBA8-4052-A8C9-F584FD073EA3}.Debug|Any CPU.Build.0 = Debug|Any CPU
		{EDB2D25D-EBA8-4052-A8C9-F584FD073EA3}.Release|Any CPU.ActiveCfg = Release|Any CPU
		{EDB2D25D-EBA8-4052-A8C9-F584FD073EA3}.Release|Any CPU.Build.0 = Release|Any CPU
	EndGlobalSection
	GlobalSection(SolutionProperties) = preSolution
		HideSolutionNode = FALSE
	EndGlobalSection
	GlobalSection(NestedProjects) = preSolution
		{47F6D114-B1E8-4216-99F1-BAC571BF970F} = {EA57986C-93D2-4089-8373-5C5801F8990A}
		{EDB2D25D-EBA8-4052-A8C9-F584FD073EA3} = {36E0C6DE-841E-42DC-842D-67F408145F6D}
	EndGlobalSection
EndGlobal
